
Microsoft Visual Studio Solution File, Format Version 12.00
# Visual Studio 15
VisualStudioVersion = 15.0.28307.168
MinimumVisualStudioVersion = 10.0.40219.1
Project("{FAE04EC0-301F-11D3-BF4B-00C04F79EFBC}") = "PracitceWork27_01_19", "PracitceWork27_01_19\PracitceWork27_01_19.csproj", "{BDA6C1D6-B3A4-49CC-9D4F-0D0C391AE871}"
EndProject
Global
	GlobalSection(SolutionConfigurationPlatforms) = preSolution
		Debug|Any CPU = Debug|Any CPU
		Release|Any CPU = Release|Any CPU
	EndGlobalSection
	GlobalSection(ProjectConfigurationPlatforms) = postSolution
		{BDA6C1D6-B3A4-49CC-9D4F-0D0C391AE871}.Debug|Any CPU.ActiveCfg = Debug|Any CPU
		{BDA6C1D6-B3A4-49CC-9D4F-0D0C391AE871}.Debug|Any CPU.Build.0 = Debug|Any CPU
		{BDA6C1D6-B3A4-49CC-9D4F-0D0C391AE871}.Release|Any CPU.ActiveCfg = Release|Any CPU
		{BDA6C1D6-B3A4-49CC-9D4F-0D0C391AE871}.Release|Any CPU.Build.0 = Release|Any CPU
	EndGlobalSection
	GlobalSection(SolutionProperties) = preSolution
		HideSolutionNode = FALSE
	EndGlobalSection
	GlobalSection(ExtensibilityGlobals) = postSolution
		SolutionGuid = {F899FCA9-3CF4-4CBA-881E-898E69D523CE}
	EndGlobalSection
EndGlobal
