
Microsoft Visual Studio Solution File, Format Version 12.00
# Visual Studio 15
VisualStudioVersion = 15.0.28307.329
MinimumVisualStudioVersion = 10.0.40219.1
Project("{FAE04EC0-301F-11D3-BF4B-00C04F79EFBC}") = "HomeWork10_03_19", "HomeWork10_03_19\HomeWork10_03_19.csproj", "{3B9706E9-0C0C-4805-BABC-07AC913A42CA}"
EndProject
Global
	GlobalSection(SolutionConfigurationPlatforms) = preSolution
		Debug|Any CPU = Debug|Any CPU
		Release|Any CPU = Release|Any CPU
	EndGlobalSection
	GlobalSection(ProjectConfigurationPlatforms) = postSolution
		{3B9706E9-0C0C-4805-BABC-07AC913A42CA}.Debug|Any CPU.ActiveCfg = Debug|Any CPU
		{3B9706E9-0C0C-4805-BABC-07AC913A42CA}.Debug|Any CPU.Build.0 = Debug|Any CPU
		{3B9706E9-0C0C-4805-BABC-07AC913A42CA}.Release|Any CPU.ActiveCfg = Release|Any CPU
		{3B9706E9-0C0C-4805-BABC-07AC913A42CA}.Release|Any CPU.Build.0 = Release|Any CPU
	EndGlobalSection
	GlobalSection(SolutionProperties) = preSolution
		HideSolutionNode = FALSE
	EndGlobalSection
	GlobalSection(ExtensibilityGlobals) = postSolution
		SolutionGuid = {94CD3F00-EA5C-4B6C-9F1A-1EF2C02B8C89}
	EndGlobalSection
EndGlobal
