
Microsoft Visual Studio Solution File, Format Version 12.00
# Visual Studio 15
VisualStudioVersion = 15.0.27703.2042
MinimumVisualStudioVersion = 10.0.40219.1
Project("{FAE04EC0-301F-11D3-BF4B-00C04F79EFBC}") = "HomeWork21_01_19", "HomeWork21_01_19\HomeWork21_01_19.csproj", "{1320119B-4307-4231-8844-F18183E78E2A}"
EndProject
Global
	GlobalSection(SolutionConfigurationPlatforms) = preSolution
		Debug|Any CPU = Debug|Any CPU
		Release|Any CPU = Release|Any CPU
	EndGlobalSection
	GlobalSection(ProjectConfigurationPlatforms) = postSolution
		{1320119B-4307-4231-8844-F18183E78E2A}.Debug|Any CPU.ActiveCfg = Debug|Any CPU
		{1320119B-4307-4231-8844-F18183E78E2A}.Debug|Any CPU.Build.0 = Debug|Any CPU
		{1320119B-4307-4231-8844-F18183E78E2A}.Release|Any CPU.ActiveCfg = Release|Any CPU
		{1320119B-4307-4231-8844-F18183E78E2A}.Release|Any CPU.Build.0 = Release|Any CPU
	EndGlobalSection
	GlobalSection(SolutionProperties) = preSolution
		HideSolutionNode = FALSE
	EndGlobalSection
	GlobalSection(ExtensibilityGlobals) = postSolution
		SolutionGuid = {6E0D4E09-F2CD-43A7-988D-BC360D9728C1}
	EndGlobalSection
EndGlobal
