
Microsoft Visual Studio Solution File, Format Version 12.00
# Visual Studio 15
VisualStudioVersion = 15.0.28307.329
MinimumVisualStudioVersion = 10.0.40219.1
Project("{FAE04EC0-301F-11D3-BF4B-00C04F79EFBC}") = "HomeWork24_02_19", "HomeWork24_02_19\HomeWork24_02_19.csproj", "{9ACAFD40-92D0-4061-8882-A39BB38420B0}"
EndProject
Global
	GlobalSection(SolutionConfigurationPlatforms) = preSolution
		Debug|Any CPU = Debug|Any CPU
		Release|Any CPU = Release|Any CPU
	EndGlobalSection
	GlobalSection(ProjectConfigurationPlatforms) = postSolution
		{9ACAFD40-92D0-4061-8882-A39BB38420B0}.Debug|Any CPU.ActiveCfg = Debug|Any CPU
		{9ACAFD40-92D0-4061-8882-A39BB38420B0}.Debug|Any CPU.Build.0 = Debug|Any CPU
		{9ACAFD40-92D0-4061-8882-A39BB38420B0}.Release|Any CPU.ActiveCfg = Release|Any CPU
		{9ACAFD40-92D0-4061-8882-A39BB38420B0}.Release|Any CPU.Build.0 = Release|Any CPU
	EndGlobalSection
	GlobalSection(SolutionProperties) = preSolution
		HideSolutionNode = FALSE
	EndGlobalSection
	GlobalSection(ExtensibilityGlobals) = postSolution
		SolutionGuid = {B2E9F620-E6A5-4033-AA93-2A79E4B1DAA7}
	EndGlobalSection
EndGlobal
