
Microsoft Visual Studio Solution File, Format Version 12.00
# Visual Studio 15
VisualStudioVersion = 15.0.27703.2042
MinimumVisualStudioVersion = 10.0.40219.1
Project("{FAE04EC0-301F-11D3-BF4B-00C04F79EFBC}") = "NamespacesLesson15_01_19", "NamespacesLesson15_01_19\NamespacesLesson15_01_19.csproj", "{1257EC44-3F39-4F04-899D-73E4E6750F07}"
EndProject
Global
	GlobalSection(SolutionConfigurationPlatforms) = preSolution
		Debug|Any CPU = Debug|Any CPU
		Release|Any CPU = Release|Any CPU
	EndGlobalSection
	GlobalSection(ProjectConfigurationPlatforms) = postSolution
		{1257EC44-3F39-4F04-899D-73E4E6750F07}.Debug|Any CPU.ActiveCfg = Debug|Any CPU
		{1257EC44-3F39-4F04-899D-73E4E6750F07}.Debug|Any CPU.Build.0 = Debug|Any CPU
		{1257EC44-3F39-4F04-899D-73E4E6750F07}.Release|Any CPU.ActiveCfg = Release|Any CPU
		{1257EC44-3F39-4F04-899D-73E4E6750F07}.Release|Any CPU.Build.0 = Release|Any CPU
	EndGlobalSection
	GlobalSection(SolutionProperties) = preSolution
		HideSolutionNode = FALSE
	EndGlobalSection
	GlobalSection(ExtensibilityGlobals) = postSolution
		SolutionGuid = {65E7915F-145A-4FD4-8227-9FE3BDBF5559}
	EndGlobalSection
EndGlobal
