
Microsoft Visual Studio Solution File, Format Version 12.00
# Visual Studio 15
VisualStudioVersion = 15.0.28307.168
MinimumVisualStudioVersion = 10.0.40219.1
Project("{FAE04EC0-301F-11D3-BF4B-00C04F79EFBC}") = "PracticeWork08_02_19", "PracticeWork08_02_19\PracticeWork08_02_19.csproj", "{8BA51058-2621-4CEF-A757-9B6A47632363}"
EndProject
Global
	GlobalSection(SolutionConfigurationPlatforms) = preSolution
		Debug|Any CPU = Debug|Any CPU
		Release|Any CPU = Release|Any CPU
	EndGlobalSection
	GlobalSection(ProjectConfigurationPlatforms) = postSolution
		{8BA51058-2621-4CEF-A757-9B6A47632363}.Debug|Any CPU.ActiveCfg = Debug|Any CPU
		{8BA51058-2621-4CEF-A757-9B6A47632363}.Debug|Any CPU.Build.0 = Debug|Any CPU
		{8BA51058-2621-4CEF-A757-9B6A47632363}.Release|Any CPU.ActiveCfg = Release|Any CPU
		{8BA51058-2621-4CEF-A757-9B6A47632363}.Release|Any CPU.Build.0 = Release|Any CPU
	EndGlobalSection
	GlobalSection(SolutionProperties) = preSolution
		HideSolutionNode = FALSE
	EndGlobalSection
	GlobalSection(ExtensibilityGlobals) = postSolution
		SolutionGuid = {E085176F-11D0-4A56-B41F-8BAC177A3C80}
	EndGlobalSection
EndGlobal
