
Microsoft Visual Studio Solution File, Format Version 12.00
# Visual Studio 15
VisualStudioVersion = 15.0.27703.2042
MinimumVisualStudioVersion = 10.0.40219.1
Project("{FAE04EC0-301F-11D3-BF4B-00C04F79EFBC}") = "HomeWork27_01_19", "HomeWork27_01_19\HomeWork27_01_19.csproj", "{2AE7604A-E431-4C88-8850-0C7C9DB86C66}"
EndProject
Global
	GlobalSection(SolutionConfigurationPlatforms) = preSolution
		Debug|Any CPU = Debug|Any CPU
		Release|Any CPU = Release|Any CPU
	EndGlobalSection
	GlobalSection(ProjectConfigurationPlatforms) = postSolution
		{2AE7604A-E431-4C88-8850-0C7C9DB86C66}.Debug|Any CPU.ActiveCfg = Debug|Any CPU
		{2AE7604A-E431-4C88-8850-0C7C9DB86C66}.Debug|Any CPU.Build.0 = Debug|Any CPU
		{2AE7604A-E431-4C88-8850-0C7C9DB86C66}.Release|Any CPU.ActiveCfg = Release|Any CPU
		{2AE7604A-E431-4C88-8850-0C7C9DB86C66}.Release|Any CPU.Build.0 = Release|Any CPU
	EndGlobalSection
	GlobalSection(SolutionProperties) = preSolution
		HideSolutionNode = FALSE
	EndGlobalSection
	GlobalSection(ExtensibilityGlobals) = postSolution
		SolutionGuid = {F24847E3-C085-4FFF-B671-8C101016EE04}
	EndGlobalSection
EndGlobal
