
Microsoft Visual Studio Solution File, Format Version 12.00
# Visual Studio 15
VisualStudioVersion = 15.0.28307.168
MinimumVisualStudioVersion = 10.0.40219.1
Project("{FAE04EC0-301F-11D3-BF4B-00C04F79EFBC}") = "HomeWork04_02_19", "HomeWork04_02_19\HomeWork04_02_19.csproj", "{EBB7BAD4-D270-4F52-936D-8DEA20DE1D5C}"
EndProject
Global
	GlobalSection(SolutionConfigurationPlatforms) = preSolution
		Debug|Any CPU = Debug|Any CPU
		Release|Any CPU = Release|Any CPU
	EndGlobalSection
	GlobalSection(ProjectConfigurationPlatforms) = postSolution
		{EBB7BAD4-D270-4F52-936D-8DEA20DE1D5C}.Debug|Any CPU.ActiveCfg = Debug|Any CPU
		{EBB7BAD4-D270-4F52-936D-8DEA20DE1D5C}.Debug|Any CPU.Build.0 = Debug|Any CPU
		{EBB7BAD4-D270-4F52-936D-8DEA20DE1D5C}.Release|Any CPU.ActiveCfg = Release|Any CPU
		{EBB7BAD4-D270-4F52-936D-8DEA20DE1D5C}.Release|Any CPU.Build.0 = Release|Any CPU
	EndGlobalSection
	GlobalSection(SolutionProperties) = preSolution
		HideSolutionNode = FALSE
	EndGlobalSection
	GlobalSection(ExtensibilityGlobals) = postSolution
		SolutionGuid = {70CE50DF-EAD1-40CB-B9DE-18BD50597EC9}
	EndGlobalSection
EndGlobal
