
Microsoft Visual Studio Solution File, Format Version 12.00
# Visual Studio 15
VisualStudioVersion = 15.0.28307.438
MinimumVisualStudioVersion = 10.0.40219.1
Project("{FAE04EC0-301F-11D3-BF4B-00C04F79EFBC}") = "HomeWork14_04_19.WinFormApp", "HomeWork14_04_19.WinFormApp\HomeWork14_04_19.WinFormApp.csproj", "{176147CA-A1F4-4E59-B49A-1B1BC0E3AC5C}"
EndProject
Project("{FAE04EC0-301F-11D3-BF4B-00C04F79EFBC}") = "HomeWork14_04_19.DataAccess", "HomeWork14_04_19.DataAccess\HomeWork14_04_19.DataAccess.csproj", "{021B4B73-6CD9-4F9F-B008-F17484F7BC13}"
EndProject
Project("{FAE04EC0-301F-11D3-BF4B-00C04F79EFBC}") = "HomeWork14_04_19.Models", "HomeWork14_04_19.Models\HomeWork14_04_19.Models.csproj", "{0565A1B8-0BD8-4965-A2C9-0023551E621C}"
EndProject
Global
	GlobalSection(SolutionConfigurationPlatforms) = preSolution
		Debug|Any CPU = Debug|Any CPU
		Release|Any CPU = Release|Any CPU
	EndGlobalSection
	GlobalSection(ProjectConfigurationPlatforms) = postSolution
		{176147CA-A1F4-4E59-B49A-1B1BC0E3AC5C}.Debug|Any CPU.ActiveCfg = Debug|Any CPU
		{176147CA-A1F4-4E59-B49A-1B1BC0E3AC5C}.Debug|Any CPU.Build.0 = Debug|Any CPU
		{176147CA-A1F4-4E59-B49A-1B1BC0E3AC5C}.Release|Any CPU.ActiveCfg = Release|Any CPU
		{176147CA-A1F4-4E59-B49A-1B1BC0E3AC5C}.Release|Any CPU.Build.0 = Release|Any CPU
		{021B4B73-6CD9-4F9F-B008-F17484F7BC13}.Debug|Any CPU.ActiveCfg = Debug|Any CPU
		{021B4B73-6CD9-4F9F-B008-F17484F7BC13}.Debug|Any CPU.Build.0 = Debug|Any CPU
		{021B4B73-6CD9-4F9F-B008-F17484F7BC13}.Release|Any CPU.ActiveCfg = Release|Any CPU
		{021B4B73-6CD9-4F9F-B008-F17484F7BC13}.Release|Any CPU.Build.0 = Release|Any CPU
		{0565A1B8-0BD8-4965-A2C9-0023551E621C}.Debug|Any CPU.ActiveCfg = Debug|Any CPU
		{0565A1B8-0BD8-4965-A2C9-0023551E621C}.Debug|Any CPU.Build.0 = Debug|Any CPU
		{0565A1B8-0BD8-4965-A2C9-0023551E621C}.Release|Any CPU.ActiveCfg = Release|Any CPU
		{0565A1B8-0BD8-4965-A2C9-0023551E621C}.Release|Any CPU.Build.0 = Release|Any CPU
	EndGlobalSection
	GlobalSection(SolutionProperties) = preSolution
		HideSolutionNode = FALSE
	EndGlobalSection
	GlobalSection(ExtensibilityGlobals) = postSolution
		SolutionGuid = {799E26D7-20FE-4FD9-8866-5D40A512F52E}
	EndGlobalSection
EndGlobal
