
Microsoft Visual Studio Solution File, Format Version 12.00
# Visual Studio 15
VisualStudioVersion = 15.0.28307.168
MinimumVisualStudioVersion = 10.0.40219.1
Project("{FAE04EC0-301F-11D3-BF4B-00C04F79EFBC}") = "HomeWork01_02_19", "HomeWork01_02_19\HomeWork01_02_19.csproj", "{F4297690-DB9F-4B86-B22A-2B91B7FF6C85}"
EndProject
Global
	GlobalSection(SolutionConfigurationPlatforms) = preSolution
		Debug|Any CPU = Debug|Any CPU
		Release|Any CPU = Release|Any CPU
	EndGlobalSection
	GlobalSection(ProjectConfigurationPlatforms) = postSolution
		{F4297690-DB9F-4B86-B22A-2B91B7FF6C85}.Debug|Any CPU.ActiveCfg = Debug|Any CPU
		{F4297690-DB9F-4B86-B22A-2B91B7FF6C85}.Debug|Any CPU.Build.0 = Debug|Any CPU
		{F4297690-DB9F-4B86-B22A-2B91B7FF6C85}.Release|Any CPU.ActiveCfg = Release|Any CPU
		{F4297690-DB9F-4B86-B22A-2B91B7FF6C85}.Release|Any CPU.Build.0 = Release|Any CPU
	EndGlobalSection
	GlobalSection(SolutionProperties) = preSolution
		HideSolutionNode = FALSE
	EndGlobalSection
	GlobalSection(ExtensibilityGlobals) = postSolution
		SolutionGuid = {66C073FE-8F5E-497E-9D39-A9B489DD471D}
	EndGlobalSection
EndGlobal
