
Microsoft Visual Studio Solution File, Format Version 12.00
# Visual Studio 15
VisualStudioVersion = 15.0.27703.2042
MinimumVisualStudioVersion = 10.0.40219.1
Project("{FAE04EC0-301F-11D3-BF4B-00C04F79EFBC}") = "InheritansLesson", "InheritansLesson\InheritansLesson.csproj", "{BBD27F37-2041-4F77-96EB-AA7DFED6A8A9}"
EndProject
Global
	GlobalSection(SolutionConfigurationPlatforms) = preSolution
		Debug|Any CPU = Debug|Any CPU
		Release|Any CPU = Release|Any CPU
	EndGlobalSection
	GlobalSection(ProjectConfigurationPlatforms) = postSolution
		{BBD27F37-2041-4F77-96EB-AA7DFED6A8A9}.Debug|Any CPU.ActiveCfg = Debug|Any CPU
		{BBD27F37-2041-4F77-96EB-AA7DFED6A8A9}.Debug|Any CPU.Build.0 = Debug|Any CPU
		{BBD27F37-2041-4F77-96EB-AA7DFED6A8A9}.Release|Any CPU.ActiveCfg = Release|Any CPU
		{BBD27F37-2041-4F77-96EB-AA7DFED6A8A9}.Release|Any CPU.Build.0 = Release|Any CPU
	EndGlobalSection
	GlobalSection(SolutionProperties) = preSolution
		HideSolutionNode = FALSE
	EndGlobalSection
	GlobalSection(ExtensibilityGlobals) = postSolution
		SolutionGuid = {6F1E4328-BADD-4B95-9D74-142592F969B4}
	EndGlobalSection
EndGlobal
