
Microsoft Visual Studio Solution File, Format Version 12.00
# Visual Studio 15
VisualStudioVersion = 15.0.28307.438
MinimumVisualStudioVersion = 10.0.40219.1
Project("{FAE04EC0-301F-11D3-BF4B-00C04F79EFBC}") = "HomeWork29_04_19.ConsoleApp", "HomeWork29_04_19.ConsoleApp\HomeWork29_04_19.ConsoleApp.csproj", "{DE6A053C-944C-4E5F-9684-84BFE54B79E9}"
EndProject
Project("{FAE04EC0-301F-11D3-BF4B-00C04F79EFBC}") = "HomeWork29_04_19.Models", "HomeWork29_04_19.Models\HomeWork29_04_19.Models.csproj", "{822609F5-9013-442C-9167-F910C31EBB6C}"
EndProject
Project("{FAE04EC0-301F-11D3-BF4B-00C04F79EFBC}") = "HomeWork29_04_19.AbstractModels", "HomeWork29_04_19.AbstractModels\HomeWork29_04_19.AbstractModels.csproj", "{CD328833-B973-43A1-829F-972959084751}"
EndProject
Project("{FAE04EC0-301F-11D3-BF4B-00C04F79EFBC}") = "HomeWork29_04_19.DataAccess", "HomeWork29_04_19.DataAccess\HomeWork29_04_19.DataAccess.csproj", "{AC8B34A9-92CA-46A0-9E69-DD7F9B759C0C}"
EndProject
Project("{FAE04EC0-301F-11D3-BF4B-00C04F79EFBC}") = "HomeWork29_04_19.Services", "HomeWork29_04_19.Services\HomeWork29_04_19.Services.csproj", "{16209F4D-3EB3-4040-8861-D9B3ACE9FB93}"
EndProject
Project("{FAE04EC0-301F-11D3-BF4B-00C04F79EFBC}") = "HomeWork29_04_19.ConstantsAndEnums", "HomeWork29_04_19.ConstantsAndEnums\HomeWork29_04_19.ConstantsAndEnums.csproj", "{E83B10DA-4A05-42EE-950B-D80D29114137}"
EndProject
Global
	GlobalSection(SolutionConfigurationPlatforms) = preSolution
		Debug|Any CPU = Debug|Any CPU
		Release|Any CPU = Release|Any CPU
	EndGlobalSection
	GlobalSection(ProjectConfigurationPlatforms) = postSolution
		{DE6A053C-944C-4E5F-9684-84BFE54B79E9}.Debug|Any CPU.ActiveCfg = Debug|Any CPU
		{DE6A053C-944C-4E5F-9684-84BFE54B79E9}.Debug|Any CPU.Build.0 = Debug|Any CPU
		{DE6A053C-944C-4E5F-9684-84BFE54B79E9}.Release|Any CPU.ActiveCfg = Release|Any CPU
		{DE6A053C-944C-4E5F-9684-84BFE54B79E9}.Release|Any CPU.Build.0 = Release|Any CPU
		{822609F5-9013-442C-9167-F910C31EBB6C}.Debug|Any CPU.ActiveCfg = Debug|Any CPU
		{822609F5-9013-442C-9167-F910C31EBB6C}.Debug|Any CPU.Build.0 = Debug|Any CPU
		{822609F5-9013-442C-9167-F910C31EBB6C}.Release|Any CPU.ActiveCfg = Release|Any CPU
		{822609F5-9013-442C-9167-F910C31EBB6C}.Release|Any CPU.Build.0 = Release|Any CPU
		{CD328833-B973-43A1-829F-972959084751}.Debug|Any CPU.ActiveCfg = Debug|Any CPU
		{CD328833-B973-43A1-829F-972959084751}.Debug|Any CPU.Build.0 = Debug|Any CPU
		{CD328833-B973-43A1-829F-972959084751}.Release|Any CPU.ActiveCfg = Release|Any CPU
		{CD328833-B973-43A1-829F-972959084751}.Release|Any CPU.Build.0 = Release|Any CPU
		{AC8B34A9-92CA-46A0-9E69-DD7F9B759C0C}.Debug|Any CPU.ActiveCfg = Debug|Any CPU
		{AC8B34A9-92CA-46A0-9E69-DD7F9B759C0C}.Debug|Any CPU.Build.0 = Debug|Any CPU
		{AC8B34A9-92CA-46A0-9E69-DD7F9B759C0C}.Release|Any CPU.ActiveCfg = Release|Any CPU
		{AC8B34A9-92CA-46A0-9E69-DD7F9B759C0C}.Release|Any CPU.Build.0 = Release|Any CPU
		{16209F4D-3EB3-4040-8861-D9B3ACE9FB93}.Debug|Any CPU.ActiveCfg = Debug|Any CPU
		{16209F4D-3EB3-4040-8861-D9B3ACE9FB93}.Debug|Any CPU.Build.0 = Debug|Any CPU
		{16209F4D-3EB3-4040-8861-D9B3ACE9FB93}.Release|Any CPU.ActiveCfg = Release|Any CPU
		{16209F4D-3EB3-4040-8861-D9B3ACE9FB93}.Release|Any CPU.Build.0 = Release|Any CPU
		{E83B10DA-4A05-42EE-950B-D80D29114137}.Debug|Any CPU.ActiveCfg = Debug|Any CPU
		{E83B10DA-4A05-42EE-950B-D80D29114137}.Debug|Any CPU.Build.0 = Debug|Any CPU
		{E83B10DA-4A05-42EE-950B-D80D29114137}.Release|Any CPU.ActiveCfg = Release|Any CPU
		{E83B10DA-4A05-42EE-950B-D80D29114137}.Release|Any CPU.Build.0 = Release|Any CPU
	EndGlobalSection
	GlobalSection(SolutionProperties) = preSolution
		HideSolutionNode = FALSE
	EndGlobalSection
	GlobalSection(ExtensibilityGlobals) = postSolution
		SolutionGuid = {BC7613EA-0A66-4801-9803-4329A710EAD3}
	EndGlobalSection
EndGlobal
