
Microsoft Visual Studio Solution File, Format Version 12.00
# Visual Studio 15
VisualStudioVersion = 15.0.28307.329
MinimumVisualStudioVersion = 10.0.40219.1
Project("{FAE04EC0-301F-11D3-BF4B-00C04F79EFBC}") = "PracticewWork14_03_19", "PracticewWork14_03_19\PracticewWork14_03_19.csproj", "{F1EBF7CD-237F-461C-8F1E-BE22B2BD874B}"
EndProject
Global
	GlobalSection(SolutionConfigurationPlatforms) = preSolution
		Debug|Any CPU = Debug|Any CPU
		Release|Any CPU = Release|Any CPU
	EndGlobalSection
	GlobalSection(ProjectConfigurationPlatforms) = postSolution
		{F1EBF7CD-237F-461C-8F1E-BE22B2BD874B}.Debug|Any CPU.ActiveCfg = Debug|Any CPU
		{F1EBF7CD-237F-461C-8F1E-BE22B2BD874B}.Debug|Any CPU.Build.0 = Debug|Any CPU
		{F1EBF7CD-237F-461C-8F1E-BE22B2BD874B}.Release|Any CPU.ActiveCfg = Release|Any CPU
		{F1EBF7CD-237F-461C-8F1E-BE22B2BD874B}.Release|Any CPU.Build.0 = Release|Any CPU
	EndGlobalSection
	GlobalSection(SolutionProperties) = preSolution
		HideSolutionNode = FALSE
	EndGlobalSection
	GlobalSection(ExtensibilityGlobals) = postSolution
		SolutionGuid = {44F9FCEC-80C6-4354-8299-3BEAA383C745}
	EndGlobalSection
EndGlobal
