
Microsoft Visual Studio Solution File, Format Version 12.00
# Visual Studio 15
VisualStudioVersion = 15.0.28307.438
MinimumVisualStudioVersion = 10.0.40219.1
Project("{FAE04EC0-301F-11D3-BF4B-00C04F79EFBC}") = "HomeWork14_03_19", "HomeWork14_03_19\HomeWork14_03_19.csproj", "{D9107500-F500-4E07-AAD7-1E6A0529E083}"
EndProject
Global
	GlobalSection(SolutionConfigurationPlatforms) = preSolution
		Debug|Any CPU = Debug|Any CPU
		Release|Any CPU = Release|Any CPU
	EndGlobalSection
	GlobalSection(ProjectConfigurationPlatforms) = postSolution
		{D9107500-F500-4E07-AAD7-1E6A0529E083}.Debug|Any CPU.ActiveCfg = Debug|Any CPU
		{D9107500-F500-4E07-AAD7-1E6A0529E083}.Debug|Any CPU.Build.0 = Debug|Any CPU
		{D9107500-F500-4E07-AAD7-1E6A0529E083}.Release|Any CPU.ActiveCfg = Release|Any CPU
		{D9107500-F500-4E07-AAD7-1E6A0529E083}.Release|Any CPU.Build.0 = Release|Any CPU
	EndGlobalSection
	GlobalSection(SolutionProperties) = preSolution
		HideSolutionNode = FALSE
	EndGlobalSection
	GlobalSection(ExtensibilityGlobals) = postSolution
		SolutionGuid = {B771E363-FBCB-49A4-AE76-DA047C992BA2}
	EndGlobalSection
EndGlobal
