
Microsoft Visual Studio Solution File, Format Version 12.00
# Visual Studio 15
VisualStudioVersion = 15.0.28307.329
MinimumVisualStudioVersion = 10.0.40219.1
Project("{FAE04EC0-301F-11D3-BF4B-00C04F79EFBC}") = "PracticeWork10_03_19", "PracticeWork10_03_19\PracticeWork10_03_19.csproj", "{0BF92150-331E-4EB6-820E-5D12782DA4D5}"
EndProject
Global
	GlobalSection(SolutionConfigurationPlatforms) = preSolution
		Debug|Any CPU = Debug|Any CPU
		Release|Any CPU = Release|Any CPU
	EndGlobalSection
	GlobalSection(ProjectConfigurationPlatforms) = postSolution
		{0BF92150-331E-4EB6-820E-5D12782DA4D5}.Debug|Any CPU.ActiveCfg = Debug|Any CPU
		{0BF92150-331E-4EB6-820E-5D12782DA4D5}.Debug|Any CPU.Build.0 = Debug|Any CPU
		{0BF92150-331E-4EB6-820E-5D12782DA4D5}.Release|Any CPU.ActiveCfg = Release|Any CPU
		{0BF92150-331E-4EB6-820E-5D12782DA4D5}.Release|Any CPU.Build.0 = Release|Any CPU
	EndGlobalSection
	GlobalSection(SolutionProperties) = preSolution
		HideSolutionNode = FALSE
	EndGlobalSection
	GlobalSection(ExtensibilityGlobals) = postSolution
		SolutionGuid = {00E5F31D-7F43-47AF-9B84-1E4BA3CC95DD}
	EndGlobalSection
EndGlobal
