
Microsoft Visual Studio Solution File, Format Version 12.00
# Visual Studio 15
VisualStudioVersion = 15.0.28307.438
MinimumVisualStudioVersion = 10.0.40219.1
Project("{FAE04EC0-301F-11D3-BF4B-00C04F79EFBC}") = "DeserializConsolApp", "DeserializConsolApp\DeserializConsolApp.csproj", "{AF721D2E-3E63-4F84-8134-E188358508EE}"
EndProject
Global
	GlobalSection(SolutionConfigurationPlatforms) = preSolution
		Debug|Any CPU = Debug|Any CPU
		Release|Any CPU = Release|Any CPU
	EndGlobalSection
	GlobalSection(ProjectConfigurationPlatforms) = postSolution
		{AF721D2E-3E63-4F84-8134-E188358508EE}.Debug|Any CPU.ActiveCfg = Debug|Any CPU
		{AF721D2E-3E63-4F84-8134-E188358508EE}.Debug|Any CPU.Build.0 = Debug|Any CPU
		{AF721D2E-3E63-4F84-8134-E188358508EE}.Release|Any CPU.ActiveCfg = Release|Any CPU
		{AF721D2E-3E63-4F84-8134-E188358508EE}.Release|Any CPU.Build.0 = Release|Any CPU
	EndGlobalSection
	GlobalSection(SolutionProperties) = preSolution
		HideSolutionNode = FALSE
	EndGlobalSection
	GlobalSection(ExtensibilityGlobals) = postSolution
		SolutionGuid = {0B8DD214-1EDA-4888-B976-1C2A7BDDD4F8}
	EndGlobalSection
EndGlobal
