
Microsoft Visual Studio Solution File, Format Version 12.00
# Visual Studio 15
VisualStudioVersion = 15.0.28307.168
MinimumVisualStudioVersion = 10.0.40219.1
Project("{FAE04EC0-301F-11D3-BF4B-00C04F79EFBC}") = "HomeWork31_12_18", "HomeWork31_12_18\HomeWork31_12_18.csproj", "{AB50FD2A-2090-4D2D-8782-A0E629F1761C}"
EndProject
Global
	GlobalSection(SolutionConfigurationPlatforms) = preSolution
		Debug|Any CPU = Debug|Any CPU
		Release|Any CPU = Release|Any CPU
	EndGlobalSection
	GlobalSection(ProjectConfigurationPlatforms) = postSolution
		{AB50FD2A-2090-4D2D-8782-A0E629F1761C}.Debug|Any CPU.ActiveCfg = Debug|Any CPU
		{AB50FD2A-2090-4D2D-8782-A0E629F1761C}.Debug|Any CPU.Build.0 = Debug|Any CPU
		{AB50FD2A-2090-4D2D-8782-A0E629F1761C}.Release|Any CPU.ActiveCfg = Release|Any CPU
		{AB50FD2A-2090-4D2D-8782-A0E629F1761C}.Release|Any CPU.Build.0 = Release|Any CPU
	EndGlobalSection
	GlobalSection(SolutionProperties) = preSolution
		HideSolutionNode = FALSE
	EndGlobalSection
	GlobalSection(ExtensibilityGlobals) = postSolution
		SolutionGuid = {F55386D4-4E44-4520-BB83-7EEFA359D0F0}
	EndGlobalSection
EndGlobal
