
Microsoft Visual Studio Solution File, Format Version 12.00
# Visual Studio 15
VisualStudioVersion = 15.0.27703.2042
MinimumVisualStudioVersion = 10.0.40219.1
Project("{FAE04EC0-301F-11D3-BF4B-00C04F79EFBC}") = "HomeWork26_04_19.ConsoleApp", "HomeWork26_04_19.ConsoleApp\HomeWork26_04_19.ConsoleApp.csproj", "{731D97A4-6693-4EFE-9857-92454907FD3C}"
EndProject
Project("{FAE04EC0-301F-11D3-BF4B-00C04F79EFBC}") = "HomeWork26_04_19.Models", "HomeWork26_04_19.Models\HomeWork26_04_19.Models.csproj", "{D03E2B2B-F041-475A-86B3-4989993917FB}"
EndProject
Project("{FAE04EC0-301F-11D3-BF4B-00C04F79EFBC}") = "HomeWork26_04_19.AbstractModels", "HomeWork26_04_19.AbstractModels\HomeWork26_04_19.AbstractModels.csproj", "{EBC1E55B-992F-440E-A33D-DD85465AB862}"
EndProject
Project("{FAE04EC0-301F-11D3-BF4B-00C04F79EFBC}") = "HomeWork26_04_19.Services", "HomeWork26_04_19.Services\HomeWork26_04_19.Services.csproj", "{3DB50702-F63A-4B56-99CB-53C96FCA955A}"
EndProject
Project("{FAE04EC0-301F-11D3-BF4B-00C04F79EFBC}") = "HomeWork26_04_19.DataAccess", "HomeWork26_04_19.DataAccess\HomeWork26_04_19.DataAccess.csproj", "{EA3715AB-A0AC-43DD-A6A1-55C33A028676}"
EndProject
Global
	GlobalSection(SolutionConfigurationPlatforms) = preSolution
		Debug|Any CPU = Debug|Any CPU
		Release|Any CPU = Release|Any CPU
	EndGlobalSection
	GlobalSection(ProjectConfigurationPlatforms) = postSolution
		{731D97A4-6693-4EFE-9857-92454907FD3C}.Debug|Any CPU.ActiveCfg = Debug|Any CPU
		{731D97A4-6693-4EFE-9857-92454907FD3C}.Debug|Any CPU.Build.0 = Debug|Any CPU
		{731D97A4-6693-4EFE-9857-92454907FD3C}.Release|Any CPU.ActiveCfg = Release|Any CPU
		{731D97A4-6693-4EFE-9857-92454907FD3C}.Release|Any CPU.Build.0 = Release|Any CPU
		{D03E2B2B-F041-475A-86B3-4989993917FB}.Debug|Any CPU.ActiveCfg = Debug|Any CPU
		{D03E2B2B-F041-475A-86B3-4989993917FB}.Debug|Any CPU.Build.0 = Debug|Any CPU
		{D03E2B2B-F041-475A-86B3-4989993917FB}.Release|Any CPU.ActiveCfg = Release|Any CPU
		{D03E2B2B-F041-475A-86B3-4989993917FB}.Release|Any CPU.Build.0 = Release|Any CPU
		{EBC1E55B-992F-440E-A33D-DD85465AB862}.Debug|Any CPU.ActiveCfg = Debug|Any CPU
		{EBC1E55B-992F-440E-A33D-DD85465AB862}.Debug|Any CPU.Build.0 = Debug|Any CPU
		{EBC1E55B-992F-440E-A33D-DD85465AB862}.Release|Any CPU.ActiveCfg = Release|Any CPU
		{EBC1E55B-992F-440E-A33D-DD85465AB862}.Release|Any CPU.Build.0 = Release|Any CPU
		{3DB50702-F63A-4B56-99CB-53C96FCA955A}.Debug|Any CPU.ActiveCfg = Debug|Any CPU
		{3DB50702-F63A-4B56-99CB-53C96FCA955A}.Debug|Any CPU.Build.0 = Debug|Any CPU
		{3DB50702-F63A-4B56-99CB-53C96FCA955A}.Release|Any CPU.ActiveCfg = Release|Any CPU
		{3DB50702-F63A-4B56-99CB-53C96FCA955A}.Release|Any CPU.Build.0 = Release|Any CPU
		{EA3715AB-A0AC-43DD-A6A1-55C33A028676}.Debug|Any CPU.ActiveCfg = Debug|Any CPU
		{EA3715AB-A0AC-43DD-A6A1-55C33A028676}.Debug|Any CPU.Build.0 = Debug|Any CPU
		{EA3715AB-A0AC-43DD-A6A1-55C33A028676}.Release|Any CPU.ActiveCfg = Release|Any CPU
		{EA3715AB-A0AC-43DD-A6A1-55C33A028676}.Release|Any CPU.Build.0 = Release|Any CPU
	EndGlobalSection
	GlobalSection(SolutionProperties) = preSolution
		HideSolutionNode = FALSE
	EndGlobalSection
	GlobalSection(ExtensibilityGlobals) = postSolution
		SolutionGuid = {A6E582EC-2EAA-42C9-BD75-26DF23EE7C93}
	EndGlobalSection
EndGlobal
